
Microsoft Visual Studio Solution File, Format Version 12.00
# Visual Studio Version 17
VisualStudioVersion = 17.5.33516.290
MinimumVisualStudioVersion = 10.0.40219.1
Project("{FAE04EC0-301F-11D3-BF4B-00C04F79EFBC}") = "FilmesApi", "FilmesApi\FilmesApi.csproj", "{9903F3B5-8C43-4A1F-9049-37E8E9305706}"
EndProject
Global
	GlobalSection(SolutionConfigurationPlatforms) = preSolution
		Debug|Any CPU = Debug|Any CPU
		Release|Any CPU = Release|Any CPU
	EndGlobalSection
	GlobalSection(ProjectConfigurationPlatforms) = postSolution
		{9903F3B5-8C43-4A1F-9049-37E8E9305706}.Debug|Any CPU.ActiveCfg = Debug|Any CPU
		{9903F3B5-8C43-4A1F-9049-37E8E9305706}.Debug|Any CPU.Build.0 = Debug|Any CPU
		{9903F3B5-8C43-4A1F-9049-37E8E9305706}.Release|Any CPU.ActiveCfg = Release|Any CPU
		{9903F3B5-8C43-4A1F-9049-37E8E9305706}.Release|Any CPU.Build.0 = Release|Any CPU
	EndGlobalSection
	GlobalSection(SolutionProperties) = preSolution
		HideSolutionNode = FALSE
	EndGlobalSection
	GlobalSection(ExtensibilityGlobals) = postSolution
		SolutionGuid = {5DAC7CB8-9842-46F2-9460-9555AA49256F}
	EndGlobalSection
EndGlobal
