
Microsoft Visual Studio Solution File, Format Version 12.00
# Visual Studio Version 17
VisualStudioVersion = 17.5.33516.290
MinimumVisualStudioVersion = 10.0.40219.1
Project("{FAE04EC0-301F-11D3-BF4B-00C04F79EFBC}") = "Exercicios", "Exercicios\Exercicios.csproj", "{45C14BA3-4A5B-4C4C-ADA2-17088E360802}"
EndProject
Project("{FAE04EC0-301F-11D3-BF4B-00C04F79EFBC}") = "TestProject", "TestProject\TestProject.csproj", "{AC8BCF54-FE43-4D80-83B3-0DF2963A20A0}"
EndProject
Global
	GlobalSection(SolutionConfigurationPlatforms) = preSolution
		Debug|Any CPU = Debug|Any CPU
		Release|Any CPU = Release|Any CPU
	EndGlobalSection
	GlobalSection(ProjectConfigurationPlatforms) = postSolution
		{45C14BA3-4A5B-4C4C-ADA2-17088E360802}.Debug|Any CPU.ActiveCfg = Debug|Any CPU
		{45C14BA3-4A5B-4C4C-ADA2-17088E360802}.Debug|Any CPU.Build.0 = Debug|Any CPU
		{45C14BA3-4A5B-4C4C-ADA2-17088E360802}.Release|Any CPU.ActiveCfg = Release|Any CPU
		{45C14BA3-4A5B-4C4C-ADA2-17088E360802}.Release|Any CPU.Build.0 = Release|Any CPU
		{AC8BCF54-FE43-4D80-83B3-0DF2963A20A0}.Debug|Any CPU.ActiveCfg = Debug|Any CPU
		{AC8BCF54-FE43-4D80-83B3-0DF2963A20A0}.Debug|Any CPU.Build.0 = Debug|Any CPU
		{AC8BCF54-FE43-4D80-83B3-0DF2963A20A0}.Release|Any CPU.ActiveCfg = Release|Any CPU
		{AC8BCF54-FE43-4D80-83B3-0DF2963A20A0}.Release|Any CPU.Build.0 = Release|Any CPU
	EndGlobalSection
	GlobalSection(SolutionProperties) = preSolution
		HideSolutionNode = FALSE
	EndGlobalSection
	GlobalSection(ExtensibilityGlobals) = postSolution
		SolutionGuid = {4388C468-F5DA-44BD-B993-2F657EAB3667}
	EndGlobalSection
EndGlobal
